
Microsoft Visual Studio Solution File, Format Version 12.00
# Visual Studio Version 17
VisualStudioVersion = 17.9.34607.119
MinimumVisualStudioVersion = 10.0.40219.1
Project("{FAE04EC0-301F-11D3-BF4B-00C04F79EFBC}") = "kalapacsvetes", "kalapacsvetes.csproj", "{18011A3E-53E8-4E9E-A9B5-43B9049374AD}"
EndProject
Global
	GlobalSection(SolutionConfigurationPlatforms) = preSolution
		Debug|Any CPU = Debug|Any CPU
		Release|Any CPU = Release|Any CPU
	EndGlobalSection
	GlobalSection(ProjectConfigurationPlatforms) = postSolution
		{18011A3E-53E8-4E9E-A9B5-43B9049374AD}.Debug|Any CPU.ActiveCfg = Debug|Any CPU
		{18011A3E-53E8-4E9E-A9B5-43B9049374AD}.Debug|Any CPU.Build.0 = Debug|Any CPU
		{18011A3E-53E8-4E9E-A9B5-43B9049374AD}.Release|Any CPU.ActiveCfg = Release|Any CPU
		{18011A3E-53E8-4E9E-A9B5-43B9049374AD}.Release|Any CPU.Build.0 = Release|Any CPU
	EndGlobalSection
	GlobalSection(SolutionProperties) = preSolution
		HideSolutionNode = FALSE
	EndGlobalSection
	GlobalSection(ExtensibilityGlobals) = postSolution
		SolutionGuid = {9536A777-66EF-4C35-8CA8-A1BF74FB05DA}
	EndGlobalSection
EndGlobal
